// !$*UTF8*$!
{
	archiveVersion = 1;
	classes = {
	};
	objectVersion = 60;
	objects = {

/* Begin PBXBuildFile section */
		A10000000000000100000001 /* ShouldRenewApp.swift in Sources */ = {isa = PBXBuildFile; fileRef = B10000000000000100000001 /* ShouldRenewApp.swift */; };
		A10000000000000100000007 /* NotificationScheduler.swift in Sources */ = {isa = PBXBuildFile; fileRef = B10000000000000100000007 /* NotificationScheduler.swift */; };
		A10000000000000100000008 /* RootView.swift in Sources */ = {isa = PBXBuildFile; fileRef = B10000000000000100000008 /* RootView.swift */; };
		A10000000000000100000009 /* TodayView.swift in Sources */ = {isa = PBXBuildFile; fileRef = B10000000000000100000009 /* TodayView.swift */; };
		A10000000000000100000010 /* ListView.swift in Sources */ = {isa = PBXBuildFile; fileRef = B10000000000000100000010 /* ListView.swift */; };
		A10000000000000100000011 /* AddSubscriptionView.swift in Sources */ = {isa = PBXBuildFile; fileRef = B10000000000000100000011 /* AddSubscriptionView.swift */; };
		A10000000000000100000012 /* DecisionView.swift in Sources */ = {isa = PBXBuildFile; fileRef = B10000000000000100000012 /* DecisionView.swift */; };
		A10000000000000100000013 /* CancelGuideView.swift in Sources */ = {isa = PBXBuildFile; fileRef = B10000000000000100000013 /* CancelGuideView.swift */; };
		A10000000000000100000014 /* ReportView.swift in Sources */ = {isa = PBXBuildFile; fileRef = B10000000000000100000014 /* ReportView.swift */; };
		A10000000000000100000015 /* SettingsView.swift in Sources */ = {isa = PBXBuildFile; fileRef = B10000000000000100000015 /* SettingsView.swift */; };
		A10000000000000100000016 /* ShouldRenewCore in Frameworks */ = {isa = PBXBuildFile; productRef = G10000000000000100000001 /* ShouldRenewCore */; };
		A10000000000000100000017 /* Copy.swift in Sources */ = {isa = PBXBuildFile; fileRef = B10000000000000100000017 /* Copy.swift */; };
		A10000000000000100000018 /* AppSettings.swift in Sources */ = {isa = PBXBuildFile; fileRef = B10000000000000100000018 /* AppSettings.swift */; };
		A10000000000000100000019 /* PosterView.swift in Sources */ = {isa = PBXBuildFile; fileRef = B10000000000000100000019 /* PosterView.swift */; };
		A10000000000000100000020 /* AppDelegate.swift in Sources */ = {isa = PBXBuildFile; fileRef = B10000000000000100000020 /* AppDelegate.swift */; };
		A10000000000000100000022 /* Assets.xcassets in Resources */ = {isa = PBXBuildFile; fileRef = B10000000000000100000022 /* Assets.xcassets */; };
		A10000000000000100000023 /* Theme.swift in Sources */ = {isa = PBXBuildFile; fileRef = B10000000000000100000023 /* Theme.swift */; };
		A10000000000000100000021 /* ShouldRenewUITests.swift in Sources */ = {isa = PBXBuildFile; fileRef = B10000000000000100000021 /* ShouldRenewUITests.swift */; };
		B00000000000000100000002 /* ShouldRenewUITests.xctest in Products */ = {isa = PBXBuildFile; fileRef = B00000000000000100000002 /* ShouldRenewUITests.xctest */; };
/* End PBXBuildFile section */

/* Begin PBXFileReference section */
		B00000000000000100000001 /* ShouldRenew.app */ = {isa = PBXFileReference; explicitFileType = wrapper.application; includeInIndex = 0; path = ShouldRenew.app; sourceTree = BUILT_PRODUCTS_DIR; };
		B10000000000000100000001 /* ShouldRenewApp.swift */ = {isa = PBXFileReference; lastKnownFileType = sourcecode.swift; path = ShouldRenewApp.swift; sourceTree = "<group>"; };
		B10000000000000100000007 /* NotificationScheduler.swift */ = {isa = PBXFileReference; lastKnownFileType = sourcecode.swift; path = NotificationScheduler.swift; sourceTree = "<group>"; };
		B10000000000000100000008 /* RootView.swift */ = {isa = PBXFileReference; lastKnownFileType = sourcecode.swift; path = RootView.swift; sourceTree = "<group>"; };
		B10000000000000100000009 /* TodayView.swift */ = {isa = PBXFileReference; lastKnownFileType = sourcecode.swift; path = TodayView.swift; sourceTree = "<group>"; };
		B10000000000000100000010 /* ListView.swift */ = {isa = PBXFileReference; lastKnownFileType = sourcecode.swift; path = ListView.swift; sourceTree = "<group>"; };
		B10000000000000100000011 /* AddSubscriptionView.swift */ = {isa = PBXFileReference; lastKnownFileType = sourcecode.swift; path = AddSubscriptionView.swift; sourceTree = "<group>"; };
		B10000000000000100000012 /* DecisionView.swift */ = {isa = PBXFileReference; lastKnownFileType = sourcecode.swift; path = DecisionView.swift; sourceTree = "<group>"; };
		B10000000000000100000013 /* CancelGuideView.swift */ = {isa = PBXFileReference; lastKnownFileType = sourcecode.swift; path = CancelGuideView.swift; sourceTree = "<group>"; };
		B10000000000000100000014 /* ReportView.swift */ = {isa = PBXFileReference; lastKnownFileType = sourcecode.swift; path = ReportView.swift; sourceTree = "<group>"; };
		B10000000000000100000015 /* SettingsView.swift */ = {isa = PBXFileReference; lastKnownFileType = sourcecode.swift; path = SettingsView.swift; sourceTree = "<group>"; };
		B10000000000000100000016 /* Info.plist */ = {isa = PBXFileReference; lastKnownFileType = text.plist.xml; path = Info.plist; sourceTree = "<group>"; };
		B10000000000000100000017 /* Copy.swift */ = {isa = PBXFileReference; lastKnownFileType = sourcecode.swift; path = Copy.swift; sourceTree = "<group>"; };
		B10000000000000100000018 /* AppSettings.swift */ = {isa = PBXFileReference; lastKnownFileType = sourcecode.swift; path = AppSettings.swift; sourceTree = "<group>"; };
		B10000000000000100000019 /* PosterView.swift */ = {isa = PBXFileReference; lastKnownFileType = sourcecode.swift; path = PosterView.swift; sourceTree = "<group>"; };
		B10000000000000100000020 /* AppDelegate.swift */ = {isa = PBXFileReference; lastKnownFileType = sourcecode.swift; path = AppDelegate.swift; sourceTree = "<group>"; };
		B10000000000000100000022 /* Assets.xcassets */ = {isa = PBXFileReference; lastKnownFileType = folder.assetcatalog; path = Assets.xcassets; sourceTree = "<group>"; };
		B10000000000000100000023 /* Theme.swift */ = {isa = PBXFileReference; lastKnownFileType = sourcecode.swift; path = Theme.swift; sourceTree = "<group>"; };
		B10000000000000100000021 /* ShouldRenewUITests.swift */ = {isa = PBXFileReference; lastKnownFileType = sourcecode.swift; path = ShouldRenewUITests.swift; sourceTree = "<group>"; };
		B00000000000000100000002 /* ShouldRenewUITests.xctest */ = {isa = PBXFileReference; explicitFileType = wrapper.cfbundle; includeInIndex = 0; path = ShouldRenewUITests.xctest; sourceTree = BUILT_PRODUCTS_DIR; };
/* End PBXFileReference section */

/* Begin PBXFrameworksBuildPhase section */
		C10000000000000100000001 /* Frameworks */ = {
			isa = PBXFrameworksBuildPhase;
			buildActionMask = 2147483647;
			files = (
				A10000000000000100000016 /* ShouldRenewCore in Frameworks */,
			);
			runOnlyForDeploymentPostprocessing = 0;
		};
/* End PBXFrameworksBuildPhase section */

/* Begin PBXGroup section */
		D10000000000000100000001 = {
			isa = PBXGroup;
			children = (
				D10000000000000100000002 /* ShouldRenew */,
				D10000000000000100000008 /* ShouldRenewUITests */,
				D10000000000000100000006 /* Products */,
			);
			sourceTree = "<group>";
		};
		D10000000000000100000008 /* ShouldRenewUITests */ = {
			isa = PBXGroup;
			children = (
				B10000000000000100000021 /* ShouldRenewUITests.swift */,
			);
			path = ShouldRenewUITests;
			sourceTree = "<group>";
		};
		D10000000000000100000002 /* ShouldRenew */ = {
			isa = PBXGroup;
			children = (
				B10000000000000100000001 /* ShouldRenewApp.swift */,
				D10000000000000100000007 /* Support */,
				D10000000000000100000004 /* Services */,
				D10000000000000100000005 /* Views */,
				B10000000000000100000022 /* Assets.xcassets */,
				B10000000000000100000016 /* Info.plist */,
			);
			path = ShouldRenew;
			sourceTree = "<group>";
		};
		D10000000000000100000004 /* Services */ = {
			isa = PBXGroup;
			children = (
				B10000000000000100000020 /* AppDelegate.swift */,
				B10000000000000100000007 /* NotificationScheduler.swift */,
			);
			path = Services;
			sourceTree = "<group>";
		};
		D10000000000000100000005 /* Views */ = {
			isa = PBXGroup;
			children = (
				B10000000000000100000008 /* RootView.swift */,
				B10000000000000100000009 /* TodayView.swift */,
				B10000000000000100000010 /* ListView.swift */,
				B10000000000000100000011 /* AddSubscriptionView.swift */,
				B10000000000000100000012 /* DecisionView.swift */,
				B10000000000000100000013 /* CancelGuideView.swift */,
				B10000000000000100000014 /* ReportView.swift */,
				B10000000000000100000015 /* SettingsView.swift */,
			);
			path = Views;
			sourceTree = "<group>";
		};
		D10000000000000100000006 /* Products */ = {
			isa = PBXGroup;
			children = (
				B00000000000000100000001 /* ShouldRenew.app */,
				B00000000000000100000002 /* ShouldRenewUITests.xctest */,
			);
			name = Products;
			sourceTree = "<group>";
		};
		D10000000000000100000007 /* Support */ = {
			isa = PBXGroup;
			children = (
				B10000000000000100000017 /* Copy.swift */,
				B10000000000000100000018 /* AppSettings.swift */,
				B10000000000000100000019 /* PosterView.swift */,
				B10000000000000100000023 /* Theme.swift */,
			);
			path = Support;
			sourceTree = "<group>";
		};
/* End PBXGroup section */

/* Begin PBXNativeTarget section */
		E10000000000000100000001 /* ShouldRenew */ = {
			isa = PBXNativeTarget;
			buildConfigurationList = F10000000000000100000002 /* Build configuration list for PBXNativeTarget "ShouldRenew" */;
			buildPhases = (
				E20000000000000100000001 /* Sources */,
				C10000000000000100000001 /* Frameworks */,
				E30000000000000100000001 /* Resources */,
			);
			buildRules = (
			);
			dependencies = (
				G20000000000000100000001 /* PBXTargetDependency */,
			);
			name = ShouldRenew;
			packageProductDependencies = (
				G10000000000000100000001 /* ShouldRenewCore */,
			);
			productName = ShouldRenew;
			productReference = B00000000000000100000001 /* ShouldRenew.app */;
			productType = "com.apple.product-type.application";
		};
/* End PBXNativeTarget section */

/* Begin PBXProject section */
		E00000000000000100000001 /* Project object */ = {
			isa = PBXProject;
			attributes = {
				BuildIndependentTargetsInParallel = 1;
				LastSwiftUpdateCheck = 1600;
				LastUpgradeCheck = 1600;
				TargetAttributes = {
					E10000000000000100000001 = {
						CreatedOnToolsVersion = 16.0;
					};
					E10000000000000100000002 = {
						CreatedOnToolsVersion = 16.0;
						TestTargetID = E10000000000000100000001;
					};
				};
			};
			buildConfigurationList = F10000000000000100000001 /* Build configuration list for PBXProject "ShouldRenew" */;
			compatibilityVersion = "Xcode 14.0";
			developmentRegion = en;
			hasScannedForEncodings = 0;
			knownRegions = (
				en,
				en,
				Base,
			);
			mainGroup = D10000000000000100000001;
			packageReferences = (
				G00000000000000100000001 /* XCLocalSwiftPackageReference "ShouldRenewCore" */,
			);
			productRefGroup = D10000000000000100000006 /* Products */;
			projectDirPath = "";
			projectRoot = "";
			targets = (
				E10000000000000100000001 /* ShouldRenew */,
				E10000000000000100000002 /* ShouldRenewUITests */,
			);
		};
/* End PBXProject section */

/* Begin PBXContainerItemProxy section */
		E40000000000000100000001 /* PBXContainerItemProxy */ = {
			isa = PBXContainerItemProxy;
			containerPortal = E00000000000000100000001 /* Project object */;
			proxyType = 1;
			remoteGlobalIDString = E10000000000000100000001;
			remoteInfo = ShouldRenew;
		};
/* End PBXContainerItemProxy section */

/* Begin PBXNativeTarget section */
		E10000000000000100000002 /* ShouldRenewUITests */ = {
			isa = PBXNativeTarget;
			buildConfigurationList = F10000000000000100000003 /* Build configuration list for PBXNativeTarget "ShouldRenewUITests" */;
			buildPhases = (
				E20000000000000100000002 /* Sources */,
			);
			buildRules = (
			);
			dependencies = (
				G20000000000000100000002 /* PBXTargetDependency */,
			);
			name = ShouldRenewUITests;
			productName = ShouldRenewUITests;
			productReference = B00000000000000100000002 /* ShouldRenewUITests.xctest */;
			productType = "com.apple.product-type.bundle.ui-testing";
		};
/* End PBXNativeTarget section */

/* Begin PBXResourcesBuildPhase section */
		E30000000000000100000001 /* Resources */ = {
			isa = PBXResourcesBuildPhase;
			buildActionMask = 2147483647;
			files = (
				A10000000000000100000022 /* Assets.xcassets in Resources */,
			);
			runOnlyForDeploymentPostprocessing = 0;
		};
/* End PBXResourcesBuildPhase section */

/* Begin PBXSourcesBuildPhase section */
		E20000000000000100000001 /* Sources */ = {
			isa = PBXSourcesBuildPhase;
			buildActionMask = 2147483647;
			files = (
				A10000000000000100000001 /* ShouldRenewApp.swift in Sources */,
				A10000000000000100000007 /* NotificationScheduler.swift in Sources */,
				A10000000000000100000008 /* RootView.swift in Sources */,
				A10000000000000100000009 /* TodayView.swift in Sources */,
				A10000000000000100000010 /* ListView.swift in Sources */,
				A10000000000000100000011 /* AddSubscriptionView.swift in Sources */,
				A10000000000000100000012 /* DecisionView.swift in Sources */,
				A10000000000000100000013 /* CancelGuideView.swift in Sources */,
				A10000000000000100000014 /* ReportView.swift in Sources */,
				A10000000000000100000015 /* SettingsView.swift in Sources */,
				A10000000000000100000017 /* Copy.swift in Sources */,
				A10000000000000100000018 /* AppSettings.swift in Sources */,
				A10000000000000100000019 /* PosterView.swift in Sources */,
				A10000000000000100000020 /* AppDelegate.swift in Sources */,
				A10000000000000100000023 /* Theme.swift in Sources */,
			);
			runOnlyForDeploymentPostprocessing = 0;
		};
		E20000000000000100000002 /* Sources */ = {
			isa = PBXSourcesBuildPhase;
			buildActionMask = 2147483647;
			files = (
				A10000000000000100000021 /* ShouldRenewUITests.swift in Sources */,
			);
			runOnlyForDeploymentPostprocessing = 0;
		};
/* End PBXSourcesBuildPhase section */

/* Begin PBXTargetDependency section */
		G20000000000000100000001 /* PBXTargetDependency */ = {
			isa = PBXTargetDependency;
			productRef = G10000000000000100000001 /* ShouldRenewCore */;
		};
		G20000000000000100000002 /* PBXTargetDependency */ = {
			isa = PBXTargetDependency;
			target = E10000000000000100000001 /* ShouldRenew */;
			targetProxy = E40000000000000100000001 /* PBXContainerItemProxy */;
		};
/* End PBXTargetDependency section */

/* Begin XCBuildConfiguration section */
		F20000000000000100000001 /* Debug */ = {
			isa = XCBuildConfiguration;
			buildSettings = {
				ALWAYS_SEARCH_USER_PATHS = NO;
				CLANG_ENABLE_MODULES = YES;
				CLANG_ENABLE_OBJC_ARC = YES;
				COPY_PHASE_STRIP = NO;
				DEBUG_INFORMATION_FORMAT = dwarf;
				ENABLE_TESTABILITY = YES;
				GCC_DYNAMIC_NO_PIC = NO;
				GCC_OPTIMIZATION_LEVEL = 0;
				IPHONEOS_DEPLOYMENT_TARGET = 17.0;
				MTL_ENABLE_DEBUG_INFO = INCLUDE_SOURCE;
				ONLY_ACTIVE_ARCH = YES;
				SDKROOT = iphoneos;
				SWIFT_ACTIVE_COMPILATION_CONDITIONS = DEBUG;
				SWIFT_OPTIMIZATION_LEVEL = "-Onone";
				SWIFT_VERSION = 5.0;
			};
			name = Debug;
		};
		F20000000000000100000002 /* Release */ = {
			isa = XCBuildConfiguration;
			buildSettings = {
				ALWAYS_SEARCH_USER_PATHS = NO;
				CLANG_ENABLE_MODULES = YES;
				CLANG_ENABLE_OBJC_ARC = YES;
				COPY_PHASE_STRIP = NO;
				DEBUG_INFORMATION_FORMAT = "dwarf-with-dsym";
				IPHONEOS_DEPLOYMENT_TARGET = 17.0;
				SDKROOT = iphoneos;
				SWIFT_COMPILATION_MODE = wholemodule;
				SWIFT_VERSION = 5.0;
				VALIDATE_PRODUCT = YES;
			};
			name = Release;
		};
		F20000000000000100000003 /* Debug */ = {
			isa = XCBuildConfiguration;
			buildSettings = {
				ASSETCATALOG_COMPILER_APPICON_NAME = AppIcon;
				CODE_SIGN_STYLE = Automatic;
				CURRENT_PROJECT_VERSION = 1;
				DEVELOPMENT_TEAM = X878P6Y5W9;
				ENABLE_PREVIEWS = YES;
				GENERATE_INFOPLIST_FILE = YES;
				INFOPLIST_FILE = ShouldRenew/Info.plist;
				INFOPLIST_KEY_CFBundleDisplayName = "续吗";
				INFOPLIST_KEY_NSPhotoLibraryAddUsageDescription = "保存月报海报到相册需要此权限。";
				INFOPLIST_KEY_UIApplicationSceneManifest_Generation = YES;
				INFOPLIST_KEY_UILaunchScreen_Generation = YES;
				INFOPLIST_KEY_UISupportedInterfaceOrientations = UIInterfaceOrientationPortrait;
				LD_RUNPATH_SEARCH_PATHS = (
					"$(inherited)",
					"@executable_path/Frameworks",
				);
				MARKETING_VERSION = 0.1.0;
				PRODUCT_BUNDLE_IDENTIFIER = com.shouldrenew.app;
				PRODUCT_NAME = "$(TARGET_NAME)";
				SUPPORTED_PLATFORMS = "iphoneos iphonesimulator";
				SWIFT_EMIT_LOC_STRINGS = YES;
				SWIFT_VERSION = 5.0;
				TARGETED_DEVICE_FAMILY = 1;
			};
			name = Debug;
		};
		F20000000000000100000004 /* Release */ = {
			isa = XCBuildConfiguration;
			buildSettings = {
				ASSETCATALOG_COMPILER_APPICON_NAME = AppIcon;
				CODE_SIGN_STYLE = Automatic;
				CURRENT_PROJECT_VERSION = 1;
				DEVELOPMENT_TEAM = X878P6Y5W9;
				ENABLE_PREVIEWS = YES;
				GENERATE_INFOPLIST_FILE = YES;
				INFOPLIST_FILE = ShouldRenew/Info.plist;
				INFOPLIST_KEY_CFBundleDisplayName = "续吗";
				INFOPLIST_KEY_NSPhotoLibraryAddUsageDescription = "保存月报海报到相册需要此权限。";
				INFOPLIST_KEY_UIApplicationSceneManifest_Generation = YES;
				INFOPLIST_KEY_UILaunchScreen_Generation = YES;
				INFOPLIST_KEY_UISupportedInterfaceOrientations = UIInterfaceOrientationPortrait;
				LD_RUNPATH_SEARCH_PATHS = (
					"$(inherited)",
					"@executable_path/Frameworks",
				);
				MARKETING_VERSION = 0.1.0;
				PRODUCT_BUNDLE_IDENTIFIER = com.shouldrenew.app;
				PRODUCT_NAME = "$(TARGET_NAME)";
				SUPPORTED_PLATFORMS = "iphoneos iphonesimulator";
				SWIFT_EMIT_LOC_STRINGS = YES;
				SWIFT_VERSION = 5.0;
				TARGETED_DEVICE_FAMILY = 1;
			};
			name = Release;
		};
		F20000000000000100000005 /* Debug */ = {
			isa = XCBuildConfiguration;
			buildSettings = {
				CODE_SIGN_STYLE = Automatic;
				CURRENT_PROJECT_VERSION = 1;
				DEVELOPMENT_TEAM = "";
				GENERATE_INFOPLIST_FILE = YES;
				IPHONEOS_DEPLOYMENT_TARGET = 17.0;
				LD_RUNPATH_SEARCH_PATHS = (
					"$(inherited)",
					"@executable_path/Frameworks",
					"@loader_path/Frameworks",
				);
				MARKETING_VERSION = 1.0;
				PRODUCT_BUNDLE_IDENTIFIER = com.shouldrenew.app.UITests;
				PRODUCT_NAME = "$(TARGET_NAME)";
				SWIFT_EMIT_LOC_STRINGS = NO;
				SWIFT_VERSION = 5.0;
				TARGETED_DEVICE_FAMILY = 1;
				TEST_TARGET_NAME = ShouldRenew;
			};
			name = Debug;
		};
		F20000000000000100000006 /* Release */ = {
			isa = XCBuildConfiguration;
			buildSettings = {
				CODE_SIGN_STYLE = Automatic;
				CURRENT_PROJECT_VERSION = 1;
				DEVELOPMENT_TEAM = "";
				GENERATE_INFOPLIST_FILE = YES;
				IPHONEOS_DEPLOYMENT_TARGET = 17.0;
				LD_RUNPATH_SEARCH_PATHS = (
					"$(inherited)",
					"@executable_path/Frameworks",
					"@loader_path/Frameworks",
				);
				MARKETING_VERSION = 1.0;
				PRODUCT_BUNDLE_IDENTIFIER = com.shouldrenew.app.UITests;
				PRODUCT_NAME = "$(TARGET_NAME)";
				SWIFT_EMIT_LOC_STRINGS = NO;
				SWIFT_VERSION = 5.0;
				TARGETED_DEVICE_FAMILY = 1;
				TEST_TARGET_NAME = ShouldRenew;
			};
			name = Release;
		};
/* End XCBuildConfiguration section */

/* Begin XCConfigurationList section */
		F10000000000000100000001 /* Build configuration list for PBXProject "ShouldRenew" */ = {
			isa = XCConfigurationList;
			buildConfigurations = (
				F20000000000000100000001 /* Debug */,
				F20000000000000100000002 /* Release */,
			);
			defaultConfigurationIsVisible = 0;
			defaultConfigurationName = Release;
		};
		F10000000000000100000002 /* Build configuration list for PBXNativeTarget "ShouldRenew" */ = {
			isa = XCConfigurationList;
			buildConfigurations = (
				F20000000000000100000003 /* Debug */,
				F20000000000000100000004 /* Release */,
			);
			defaultConfigurationIsVisible = 0;
			defaultConfigurationName = Release;
		};
		F10000000000000100000003 /* Build configuration list for PBXNativeTarget "ShouldRenewUITests" */ = {
			isa = XCConfigurationList;
			buildConfigurations = (
				F20000000000000100000005 /* Debug */,
				F20000000000000100000006 /* Release */,
			);
			defaultConfigurationIsVisible = 0;
			defaultConfigurationName = Release;
		};
/* End XCConfigurationList section */

/* Begin XCLocalSwiftPackageReference section */
		G00000000000000100000001 /* XCLocalSwiftPackageReference "ShouldRenewCore" */ = {
			isa = XCLocalSwiftPackageReference;
			relativePath = ShouldRenewCore;
		};
/* End XCLocalSwiftPackageReference section */

/* Begin XCSwiftPackageProductDependency section */
		G10000000000000100000001 /* ShouldRenewCore */ = {
			isa = XCSwiftPackageProductDependency;
			productName = ShouldRenewCore;
		};
/* End XCSwiftPackageProductDependency section */
	};
	rootObject = E00000000000000100000001 /* Project object */;
}
